
Microsoft Visual Studio Solution File, Format Version 12.00
# Visual Studio Version 17
VisualStudioVersion = 17.13.35931.197 d17.13
MinimumVisualStudioVersion = 10.0.40219.1
Project("{FAE04EC0-301F-11D3-BF4B-00C04F79EFBC}") = "Karar Yapıları2", "Karar Yapıları2\Karar Yapıları2.csproj", "{BB2AF74A-A064-4599-94D6-BCBCC97BB41B}"
EndProject
Global
	GlobalSection(SolutionConfigurationPlatforms) = preSolution
		Debug|Any CPU = Debug|Any CPU
		Release|Any CPU = Release|Any CPU
	EndGlobalSection
	GlobalSection(ProjectConfigurationPlatforms) = postSolution
		{BB2AF74A-A064-4599-94D6-BCBCC97BB41B}.Debug|Any CPU.ActiveCfg = Debug|Any CPU
		{BB2AF74A-A064-4599-94D6-BCBCC97BB41B}.Debug|Any CPU.Build.0 = Debug|Any CPU
		{BB2AF74A-A064-4599-94D6-BCBCC97BB41B}.Release|Any CPU.ActiveCfg = Release|Any CPU
		{BB2AF74A-A064-4599-94D6-BCBCC97BB41B}.Release|Any CPU.Build.0 = Release|Any CPU
	EndGlobalSection
	GlobalSection(SolutionProperties) = preSolution
		HideSolutionNode = FALSE
	EndGlobalSection
	GlobalSection(ExtensibilityGlobals) = postSolution
		SolutionGuid = {BD1F5C57-88E3-4D41-899C-B71B6892FE90}
	EndGlobalSection
EndGlobal
